// !$*UTF8*$!
{
 archiveVersion = 1;
 classes = {};
 objectVersion = 56;
 objects = {

  H1001 = {isa = PBXBuildFile; fileRef = H2001; };
  H2001 = {isa = PBXFileReference; lastKnownFileType = sourcecode.swift; path = GameScene.swift; sourceTree = "<group>"; };
  H3001 = {isa = PBXFrameworksBuildPhase; files = (H1002); };
  H1002 = {isa = PBXBuildFile; fileRef = H2002; };
  H2002 = {isa = PBXFileReference; lastKnownFileType = wrapper.framework; name = SpriteKit.framework; path = System/Library/Frameworks/SpriteKit.framework; sourceTree = SDKROOT; };
  G9000 = {isa = PBXBuildFile; fileRef = F9000; };
  G9001 = {isa = PBXBuildFile; fileRef = F9001; };
  G9002 = {isa = PBXBuildFile; fileRef = F9002; };
  G9003 = {isa = PBXBuildFile; fileRef = F9003; };
  G9004 = {isa = PBXBuildFile; fileRef = F9004; };
  G9005 = {isa = PBXBuildFile; fileRef = F9005; };
  G9006 = {isa = PBXBuildFile; fileRef = F9006; };
  G9007 = {isa = PBXBuildFile; fileRef = F9007; };
  G9008 = {isa = PBXBuildFile; fileRef = F9008; };
  G9009 = {isa = PBXBuildFile; fileRef = F9009; };
  G9010 = {isa = PBXBuildFile; fileRef = F9010; };
  G9011 = {isa = PBXBuildFile; fileRef = F9011; };
  G9012 = {isa = PBXBuildFile; fileRef = F9012; };
  G9013 = {isa = PBXBuildFile; fileRef = F9013; };
  G9014 = {isa = PBXBuildFile; fileRef = F9014; };
  G9015 = {isa = PBXBuildFile; fileRef = F9015; };
  G9016 = {isa = PBXBuildFile; fileRef = F9016; };
  G9017 = {isa = PBXBuildFile; fileRef = F9017; };
  G9018 = {isa = PBXBuildFile; fileRef = F9018; };
  G9019 = {isa = PBXBuildFile; fileRef = F9019; };
  F9000 = {isa = PBXFileReference; lastKnownFileType = image.png; path = "Fisherman_fish_0.png"; sourceTree = "<group>"; };
  F9001 = {isa = PBXFileReference; lastKnownFileType = image.png; path = "Fisherman_fish_1.png"; sourceTree = "<group>"; };
  F9002 = {isa = PBXFileReference; lastKnownFileType = image.png; path = "Fisherman_fish_2.png"; sourceTree = "<group>"; };
  F9003 = {isa = PBXFileReference; lastKnownFileType = image.png; path = "Fisherman_fish_3.png"; sourceTree = "<group>"; };
  F9004 = {isa = PBXFileReference; lastKnownFileType = image.png; path = "Fisherman_hook_0.png"; sourceTree = "<group>"; };
  F9005 = {isa = PBXFileReference; lastKnownFileType = image.png; path = "Fisherman_hook_1.png"; sourceTree = "<group>"; };
  F9006 = {isa = PBXFileReference; lastKnownFileType = image.png; path = "Fisherman_hook_2.png"; sourceTree = "<group>"; };
  F9007 = {isa = PBXFileReference; lastKnownFileType = image.png; path = "Fisherman_hook_3.png"; sourceTree = "<group>"; };
  F9008 = {isa = PBXFileReference; lastKnownFileType = image.png; path = "Fisherman_hook_4.png"; sourceTree = "<group>"; };
  F9009 = {isa = PBXFileReference; lastKnownFileType = image.png; path = "Fisherman_hook_5.png"; sourceTree = "<group>"; };
  F9010 = {isa = PBXFileReference; lastKnownFileType = image.png; path = "Fisherman_idle_0.png"; sourceTree = "<group>"; };
  F9011 = {isa = PBXFileReference; lastKnownFileType = image.png; path = "Fisherman_idle_1.png"; sourceTree = "<group>"; };
  F9012 = {isa = PBXFileReference; lastKnownFileType = image.png; path = "Fisherman_idle_2.png"; sourceTree = "<group>"; };
  F9013 = {isa = PBXFileReference; lastKnownFileType = image.png; path = "Fisherman_idle_3.png"; sourceTree = "<group>"; };
  F9014 = {isa = PBXFileReference; lastKnownFileType = image.png; path = "Fisherman_row_0.png"; sourceTree = "<group>"; };
  F9015 = {isa = PBXFileReference; lastKnownFileType = image.png; path = "Fisherman_row_1.png"; sourceTree = "<group>"; };
  F9016 = {isa = PBXFileReference; lastKnownFileType = image.png; path = "Fisherman_row_2.png"; sourceTree = "<group>"; };
  F9017 = {isa = PBXFileReference; lastKnownFileType = image.png; path = "Fisherman_row_3.png"; sourceTree = "<group>"; };
  F9018 = {isa = PBXFileReference; lastKnownFileType = image.png; path = "PierTile.png"; sourceTree = "<group>"; };
  F9019 = {isa = PBXFileReference; lastKnownFileType = image.png; path = "WaterTile.png"; sourceTree = "<group>"; };
  C8000 = {isa = PBXBuildFile; fileRef = B8000; };
  C8001 = {isa = PBXBuildFile; fileRef = B8001; };
  C8002 = {isa = PBXBuildFile; fileRef = B8002; };
  C8003 = {isa = PBXBuildFile; fileRef = B8003; };
  C8004 = {isa = PBXBuildFile; fileRef = B8004; };
  C8005 = {isa = PBXBuildFile; fileRef = B8005; };
  C8006 = {isa = PBXBuildFile; fileRef = B8006; };
  C8007 = {isa = PBXBuildFile; fileRef = B8007; };
  C8008 = {isa = PBXBuildFile; fileRef = B8008; };
  C8009 = {isa = PBXBuildFile; fileRef = B8009; };
  B8000 = {isa = PBXFileReference; lastKnownFileType = image.png; path = "Fisherman_fish.png"; sourceTree = "<group>"; };
  B8001 = {isa = PBXFileReference; lastKnownFileType = image.png; path = "Boat2.png"; sourceTree = "<group>"; };
  B8002 = {isa = PBXFileReference; lastKnownFileType = image.png; path = "Boat.png"; sourceTree = "<group>"; };
  B8003 = {isa = PBXFileReference; lastKnownFileType = image.png; path = "Fisherman_hook.png"; sourceTree = "<group>"; };
  B8004 = {isa = PBXFileReference; lastKnownFileType = image.png; path = "Fisherman_row.png"; sourceTree = "<group>"; };
  B8005 = {isa = PBXFileReference; lastKnownFileType = image.png; path = "Fish-rod.png"; sourceTree = "<group>"; };
  B8006 = {isa = PBXFileReference; lastKnownFileType = image.png; path = "Fisherman_idle.png"; sourceTree = "<group>"; };
  B8007 = {isa = PBXFileReference; lastKnownFileType = image.png; path = "Water.png"; sourceTree = "<group>"; };
  B8008 = {isa = PBXFileReference; lastKnownFileType = image.png; path = "Pier_Tiles.png"; sourceTree = "<group>"; };
  B8009 = {isa = PBXFileReference; lastKnownFileType = image.png; path = "Fishing_hut.png"; sourceTree = "<group>"; };
  A1001 = {isa = PBXBuildFile; fileRef = A2001; };
  A1002 = {isa = PBXBuildFile; fileRef = A2002; };
  A2001 = {isa = PBXFileReference; lastKnownFileType = sourcecode.swift; path = FarmVietApp.swift; sourceTree = "<group>"; };
  A2002 = {isa = PBXFileReference; lastKnownFileType = sourcecode.swift; path = FarmView.swift; sourceTree = "<group>"; };
  A2003 = {isa = PBXFileReference; lastKnownFileType = text.plist.xml; path = Info.plist; sourceTree = "<group>"; };
  A2004 = {isa = PBXFileReference; explicitFileType = wrapper.application; path = FarmViet.app; sourceTree = BUILT_PRODUCTS_DIR; };
  A3001 = {isa = PBXGroup; children = (A2001,A2002,A2003,B8000,B8001,B8002,B8003,B8004,B8005,B8006,B8007,B8008,B8009,F9000,F9001,F9002,F9003,F9004,F9005,F9006,F9007,F9008,F9009,F9010,F9011,F9012,F9013,F9014,F9015,F9016,F9017,F9018,F9019,H2001); path = FarmViet; sourceTree = "<group>"; };
  A3002 = {isa = PBXGroup; children = (A3001,A3003); sourceTree = "<group>"; };
  A3003 = {isa = PBXGroup; children = (A2004); name = Products; sourceTree = "<group>"; };
  A4001 = {isa = PBXNativeTarget; buildConfigurationList = A5001; buildPhases = (A6001,H3001,A6002); name = FarmViet; productName = FarmViet; productReference = A2004; productType = "com.apple.product-type.application"; };
  A4002 = {isa = PBXProject; buildConfigurationList = A5002; compatibilityVersion = "Xcode 15.0"; developmentRegion = en; mainGroup = A3002; productRefGroup = A3003; targets = (A4001); };
  A6001 = {isa = PBXSourcesBuildPhase; files = (A1001,A1002,H1001); };
  A6002 = {isa = PBXResourcesBuildPhase; files = (C8000,C8001,C8002,C8003,C8004,C8005,C8006,C8007,C8008,C8009,G9000,G9001,G9002,G9003,G9004,G9005,G9006,G9007,G9008,G9009,G9010,G9011,G9012,G9013,G9014,G9015,G9016,G9017,G9018,G9019); };
  A7001 = {isa = XCBuildConfiguration; buildSettings = {PRODUCT_BUNDLE_IDENTIFIER = "com.farmviet.ios"; PRODUCT_NAME = "$(TARGET_NAME)"; SWIFT_VERSION = 5.0; IPHONEOS_DEPLOYMENT_TARGET = 16.0; TARGETED_DEVICE_FAMILY = "1,2"; INFOPLIST_FILE = FarmViet/Info.plist; CODE_SIGNING_ALLOWED = NO; }; name = Debug; };
  A7002 = {isa = XCBuildConfiguration; buildSettings = {PRODUCT_BUNDLE_IDENTIFIER = "com.farmviet.ios"; PRODUCT_NAME = "$(TARGET_NAME)"; SWIFT_VERSION = 5.0; IPHONEOS_DEPLOYMENT_TARGET = 16.0; TARGETED_DEVICE_FAMILY = "1,2"; INFOPLIST_FILE = FarmViet/Info.plist; CODE_SIGNING_ALLOWED = NO; }; name = Release; };
  A5001 = {isa = XCConfigurationList; buildConfigurations = (A7001,A7002); defaultConfigurationName = Release; };
  A5002 = {isa = XCConfigurationList; buildConfigurations = (A7001,A7002); defaultConfigurationName = Release; };
 };
 rootObject = A4002;
}